
Microsoft Visual Studio Solution File, Format Version 12.00
# Visual Studio Version 16
VisualStudioVersion = 16.0.31624.102
MinimumVisualStudioVersion = 10.0.40219.1
Project("{2150E333-8FDC-42A3-9474-1A3956D46DE8}") = "Fondamental", "Fondamental", "{6EE8247A-7590-46E1-B0C2-D2C8023A0027}"
EndProject
Project("{2150E333-8FDC-42A3-9474-1A3956D46DE8}") = "OO", "OO", "{AE9101B2-A20B-4A63-8981-C7802F767516}"
EndProject
Project("{2150E333-8FDC-42A3-9474-1A3956D46DE8}") = "Demo", "Demo", "{62E39B7C-4049-45BE-A945-9DE644E51F7D}"
EndProject
Project("{2150E333-8FDC-42A3-9474-1A3956D46DE8}") = "Exercices", "Exercices", "{1114E892-1F96-4B66-9C53-5933C9377DFB}"
EndProject
Project("{2150E333-8FDC-42A3-9474-1A3956D46DE8}") = "Demo", "Demo", "{D05E000D-C9DA-4BF8-9C7C-09DFDD01DDFE}"
EndProject
Project("{2150E333-8FDC-42A3-9474-1A3956D46DE8}") = "Exercices", "Exercices", "{E9BF7160-B926-47D3-882C-1FF8713CF950}"
EndProject
Project("{2150E333-8FDC-42A3-9474-1A3956D46DE8}") = "01 Namespaces", "01 Namespaces", "{6D0FBACF-E1D4-493B-ABFF-AAD8D4CD8ABA}"
EndProject
Project("{2150E333-8FDC-42A3-9474-1A3956D46DE8}") = "02 Encapsulation", "02 Encapsulation", "{9F62B69E-B1DA-4E79-877F-67AC51E103D3}"
EndProject
Project("{2150E333-8FDC-42A3-9474-1A3956D46DE8}") = "03 Classes", "03 Classes", "{9D590218-1760-4EAD-B5C0-0C97549119BE}"
EndProject
Project("{2150E333-8FDC-42A3-9474-1A3956D46DE8}") = "04 Proprietes", "04 Proprietes", "{4898F58D-D12A-41CE-B66C-7F74620FB6CF}"
EndProject
Project("{2150E333-8FDC-42A3-9474-1A3956D46DE8}") = "05 Indexeurs", "05 Indexeurs", "{8850EE54-DAC9-40B0-AE25-615C6A29A54D}"
EndProject
Project("{2150E333-8FDC-42A3-9474-1A3956D46DE8}") = "06 Surcharges Operateurs", "06 Surcharges Operateurs", "{EA23BA73-4738-42F4-B65C-168411BF6B33}"
EndProject
Project("{2150E333-8FDC-42A3-9474-1A3956D46DE8}") = "07 Heritage", "07 Heritage", "{C388BBB6-B873-4FF0-833D-3F5B0325BD73}"
EndProject
Project("{2150E333-8FDC-42A3-9474-1A3956D46DE8}") = "08 Polymorphisme", "08 Polymorphisme", "{74A6C335-E17C-47D6-8EC3-555293430D89}"
EndProject
Project("{2150E333-8FDC-42A3-9474-1A3956D46DE8}") = "09 Classes Abstraites", "09 Classes Abstraites", "{D0D72F3E-DDCE-4C04-AE36-45D4231E6A51}"
EndProject
Project("{2150E333-8FDC-42A3-9474-1A3956D46DE8}") = "10 Classes Statiques", "10 Classes Statiques", "{7D02F951-0398-4BAD-A349-739A4A113A19}"
EndProject
Project("{2150E333-8FDC-42A3-9474-1A3956D46DE8}") = "11 Interfaces", "11 Interfaces", "{529D2CA4-13AF-461A-9809-7C506BDA1B71}"
EndProject
Project("{2150E333-8FDC-42A3-9474-1A3956D46DE8}") = "12 Constructeurs Destructeurs", "12 Constructeurs Destructeurs", "{9164BBA5-C8DB-41D1-AA21-541CDA1CD9E6}"
EndProject
Project("{2150E333-8FDC-42A3-9474-1A3956D46DE8}") = "13 Exceptions", "13 Exceptions", "{BFC3A712-7ACD-4B73-8BCA-3DF1B203700E}"
EndProject
Project("{2150E333-8FDC-42A3-9474-1A3956D46DE8}") = "14 Delegues", "14 Delegues", "{5EE3B3CE-324A-44B2-AE09-406A3A752F5E}"
EndProject
Project("{2150E333-8FDC-42A3-9474-1A3956D46DE8}") = "15 Evenements", "15 Evenements", "{EA08CC3D-2700-4443-8FEA-9E792DC49DBA}"
EndProject
Project("{2150E333-8FDC-42A3-9474-1A3956D46DE8}") = "16 Generiques", "16 Generiques", "{459D5DDB-D8E1-4C3F-980F-733A0F49F353}"
EndProject
Project("{2150E333-8FDC-42A3-9474-1A3956D46DE8}") = "Carwash", "Carwash", "{0F5E4DC3-D39C-43E4-ACA4-E94E0445013B}"
EndProject
Project("{2150E333-8FDC-42A3-9474-1A3956D46DE8}") = "GestionBanque", "GestionBanque", "{3D604EFF-F35A-4B44-9190-BFEA95CEDF6B}"
EndProject
Project("{2150E333-8FDC-42A3-9474-1A3956D46DE8}") = "AnimalerieHeritage", "AnimalerieHeritage", "{DBCBB50F-BFCB-46F8-B8F9-6AE567EDE197}"
EndProject
Project("{2150E333-8FDC-42A3-9474-1A3956D46DE8}") = "CourseAutomobile", "CourseAutomobile", "{14375E9E-52BD-4C74-9718-F9807AB79AD2}"
EndProject
Project("{2150E333-8FDC-42A3-9474-1A3956D46DE8}") = "HeroesVSMonsters", "HeroesVSMonsters", "{0BABFDC2-82A9-405E-9C3A-DDA7A09C8E1A}"
EndProject
Project("{2150E333-8FDC-42A3-9474-1A3956D46DE8}") = "CSharquarium", "CSharquarium", "{B78A31A1-3A73-4CDD-AEFE-CF713B3F2966}"
EndProject
Project("{2150E333-8FDC-42A3-9474-1A3956D46DE8}") = "LaveLingeDelegate", "LaveLingeDelegate", "{4FFA5DE8-2CB2-48B3-810C-3DDAA80CF1F0}"
EndProject
Project("{9A19103F-16F7-4668-BE54-9A1E7A4F7556}") = "01_Namespaces", "01_Namespaces\01_Namespaces.csproj", "{113643B9-731B-4405-9300-3A70B713CB93}"
EndProject
Project("{9A19103F-16F7-4668-BE54-9A1E7A4F7556}") = "02_Encapsulation", "02_Encapsulation\02_Encapsulation.csproj", "{F6D4A809-29CB-4794-8BC1-4A47B5996EF3}"
EndProject
Project("{9A19103F-16F7-4668-BE54-9A1E7A4F7556}") = "03_Classes", "03_Classes\03_Classes.csproj", "{1779FE6D-92BD-4597-B8FA-02226DAA71BD}"
EndProject
Project("{9A19103F-16F7-4668-BE54-9A1E7A4F7556}") = "04_Proprietes", "04_Proprietes\04_Proprietes.csproj", "{0B1F6ADA-F78C-4BD5-B502-65317AAF2D19}"
EndProject
Project("{9A19103F-16F7-4668-BE54-9A1E7A4F7556}") = "05_Indexeurs", "05_Indexeurs\05_Indexeurs.csproj", "{549A1A70-BCAD-4BC9-B102-5F51E47C377C}"
EndProject
Project("{9A19103F-16F7-4668-BE54-9A1E7A4F7556}") = "06_SurchargesOperateurs", "06_SurchargesOperateurs\06_SurchargesOperateurs.csproj", "{8324F0E9-A87B-412D-A933-D207AAE97B06}"
EndProject
Project("{9A19103F-16F7-4668-BE54-9A1E7A4F7556}") = "07_Heritage", "07_Heritage\07_Heritage.csproj", "{F7B72154-E985-405E-AAF0-F460DC3D44E3}"
EndProject
Project("{9A19103F-16F7-4668-BE54-9A1E7A4F7556}") = "08_Polymorphisme", "08_Polymorphisme\08_Polymorphisme.csproj", "{FE5F4D59-9296-4A1E-B9B6-4DE2DF7E8310}"
EndProject
Project("{9A19103F-16F7-4668-BE54-9A1E7A4F7556}") = "07_HeritageDissimulation", "07_HeritageDissimulation\07_HeritageDissimulation.csproj", "{EC445537-15DF-40CB-B67B-8C5948E71508}"
EndProject
Project("{9A19103F-16F7-4668-BE54-9A1E7A4F7556}") = "09_ClassesAbstraites", "09_ClassesAbstraites\09_ClassesAbstraites.csproj", "{5CFAD030-2AD5-4C3A-AEB2-EAD8802BDD74}"
EndProject
Project("{9A19103F-16F7-4668-BE54-9A1E7A4F7556}") = "10_ClassesStatiques", "10_ClassesStatiques\10_ClassesStatiques.csproj", "{34CF22C4-CC04-4865-933C-678F2B9DF38E}"
EndProject
Project("{9A19103F-16F7-4668-BE54-9A1E7A4F7556}") = "11_Interfaces", "11_Interfaces\11_Interfaces.csproj", "{F2D86137-0EA2-419A-913A-453F0BF4FC6F}"
EndProject
Project("{9A19103F-16F7-4668-BE54-9A1E7A4F7556}") = "12_ConstructeursDestructeurs", "12_ConstructeursDestructeurs\12_ConstructeursDestructeurs.csproj", "{8F772DC8-0895-4DA5-B810-0BAD9A0768A8}"
EndProject
Project("{9A19103F-16F7-4668-BE54-9A1E7A4F7556}") = "13_Exceptions", "13_Exceptions\13_Exceptions.csproj", "{0C77D6FF-E50B-44EB-A19F-24FC104A824E}"
EndProject
Project("{9A19103F-16F7-4668-BE54-9A1E7A4F7556}") = "14_Delegues", "14_Delegues\14_Delegues.csproj", "{B1E6186E-361F-4B66-A5CB-2C34A6C0DF1A}"
EndProject
Project("{9A19103F-16F7-4668-BE54-9A1E7A4F7556}") = "Carwash1", "Carwash1\Carwash1.csproj", "{E01FC770-7C2C-4D3D-B819-CE1B1A949917}"
EndProject
Project("{9A19103F-16F7-4668-BE54-9A1E7A4F7556}") = "Carwash2", "Carwash2\Carwash2.csproj", "{01107892-41C2-4722-A1EB-9223A4139EF0}"
EndProject
Project("{9A19103F-16F7-4668-BE54-9A1E7A4F7556}") = "GestionBanque04_Proprietes", "GestionBanque04_Proprietes\GestionBanque04_Proprietes.csproj", "{44A0C502-0EB2-41E9-9DAA-257A190B02C2}"
EndProject
Project("{9A19103F-16F7-4668-BE54-9A1E7A4F7556}") = "GestionBanque05_Indexeurs", "GestionBanque05_Indexeurs\GestionBanque05_Indexeurs.csproj", "{D8F88FC2-F4BB-4F21-9F75-DC95A85AA686}"
EndProject
Project("{9A19103F-16F7-4668-BE54-9A1E7A4F7556}") = "GestionBanque06_SurchargeOperateurs", "GestionBanque06_SurchargeOperateurs\GestionBanque06_SurchargeOperateurs.csproj", "{A3FCBE47-B8BC-4452-995D-5E16334C4E78}"
EndProject
Project("{9A19103F-16F7-4668-BE54-9A1E7A4F7556}") = "GestionBanque07_Heritage", "GestionBanque07_Heritage\GestionBanque07_Heritage.csproj", "{B13B9AE4-E894-4699-B722-56952ACDC041}"
EndProject
Project("{9A19103F-16F7-4668-BE54-9A1E7A4F7556}") = "GestionBanque07_Heritage2", "GestionBanque07_Heritage2\GestionBanque07_Heritage2.csproj", "{2E1A9CAE-477B-4943-8991-7F1A7F2AAD59}"
EndProject
Project("{9A19103F-16F7-4668-BE54-9A1E7A4F7556}") = "GestionBanque08_Polymorphisme", "GestionBanque08_Polymorphisme\GestionBanque08_Polymorphisme.csproj", "{CC41C5A3-1E91-4A51-833E-E5DDA4398623}"
EndProject
Project("{9A19103F-16F7-4668-BE54-9A1E7A4F7556}") = "GestionBanque09_ClassesAbstraites", "GestionBanque09_ClassesAbstraites\GestionBanque09_ClassesAbstraites.csproj", "{3A506856-68CF-432D-85F6-4D8A151E7369}"
EndProject
Project("{9A19103F-16F7-4668-BE54-9A1E7A4F7556}") = "GestionBanque11_Interfaces", "GestionBanque11_Interfaces\GestionBanque11_Interfaces.csproj", "{00B934CB-941F-48B9-AD09-D84680F17A74}"
EndProject
Project("{9A19103F-16F7-4668-BE54-9A1E7A4F7556}") = "GestionBanque12_ConstructeurDestructeur", "GestionBanque12_ConstructeurDestructeur\GestionBanque12_ConstructeurDestructeur.csproj", "{9496682A-0935-4C13-A3AA-29C0B0F58334}"
EndProject
Project("{9A19103F-16F7-4668-BE54-9A1E7A4F7556}") = "GestionBanque13_Exceptions", "GestionBanque13_Exceptions\GestionBanque13_Exceptions.csproj", "{AE8A91F0-9DA6-4720-BDAC-C1B79119B42C}"
EndProject
Project("{2150E333-8FDC-42A3-9474-1A3956D46DE8}") = "01 Solution", "01 Solution", "{EE5C96D5-C15D-443D-B84A-69870AB439E1}"
EndProject
Project("{2150E333-8FDC-42A3-9474-1A3956D46DE8}") = "02 Variables", "02 Variables", "{10AAE1A4-6653-4CAE-8E02-C2144370980D}"
EndProject
Project("{2150E333-8FDC-42A3-9474-1A3956D46DE8}") = "03 Conversion", "03 Conversion", "{7FF597D0-28A7-4CEE-AFCB-256698A2B7B8}"
EndProject
Project("{2150E333-8FDC-42A3-9474-1A3956D46DE8}") = "04 Operateurs", "04 Operateurs", "{6604EA01-1449-4C60-B365-A3708B258375}"
EndProject
Project("{2150E333-8FDC-42A3-9474-1A3956D46DE8}") = "05 Boucles", "05 Boucles", "{F2A62C4A-54AD-4680-B51A-E1DFDB933772}"
EndProject
Project("{2150E333-8FDC-42A3-9474-1A3956D46DE8}") = "06 Tableaux", "06 Tableaux", "{0965F17E-F6B8-463A-B768-5EB54F8ECB37}"
EndProject
Project("{2150E333-8FDC-42A3-9474-1A3956D46DE8}") = "07 Structures", "07 Structures", "{4E90D082-95B4-443E-AD02-AE654E7A0A7D}"
EndProject
Project("{2150E333-8FDC-42A3-9474-1A3956D46DE8}") = "08 Methodes", "08 Methodes", "{8498A3D9-7488-452C-8F4B-C5C808D16D72}"
EndProject
Project("{2150E333-8FDC-42A3-9474-1A3956D46DE8}") = "09 Enumerations", "09 Enumerations", "{823A8940-25FF-4085-AD14-85298592D869}"
EndProject
Project("{9A19103F-16F7-4668-BE54-9A1E7A4F7556}") = "CSharpVSCodeExtensionDelegue", "CSharpVSCodeExtensionDelegue\CSharpVSCodeExtensionDelegue.csproj", "{F4F21774-41F2-4005-8F8F-31E361C2FDDD}"
EndProject
Project("{9A19103F-16F7-4668-BE54-9A1E7A4F7556}") = "14_CompactDiskDelegate", "14_CompactDiskDelegate\14_CompactDiskDelegate.csproj", "{378A12CF-9AE9-480D-A090-A5E114F67B47}"
EndProject
Project("{9A19103F-16F7-4668-BE54-9A1E7A4F7556}") = "HeroesVSMonsters", "HeroesVSMonsters\HeroesVSMonsters.csproj", "{B14FE402-3BE8-4BDD-88A4-15CBEA720C33}"
EndProject
Project("{9A19103F-16F7-4668-BE54-9A1E7A4F7556}") = "09_Enumerations", "09_Enumerations\09_Enumerations.csproj", "{A07A091B-18C4-4017-9902-512D56131DB6}"
EndProject
Project("{2150E333-8FDC-42A3-9474-1A3956D46DE8}") = "ExoPage203", "ExoPage203", "{B2D1BF55-2FBC-4028-A912-D6BAE09C3E2A}"
EndProject
Project("{9A19103F-16F7-4668-BE54-9A1E7A4F7556}") = "ExoPage203", "ExoPage203\ExoPage203.csproj", "{B5A7885F-C415-4A37-AA65-298834CD4F4E}"
EndProject
Project("{9A19103F-16F7-4668-BE54-9A1E7A4F7556}") = "HeroesVSMonstersAvances", "HeroesVSMonstersAvances\HeroesVSMonstersAvances.csproj", "{BBC68F6B-A6F6-4F32-9FBE-F549B0625D7A}"
EndProject
Global
	GlobalSection(SolutionConfigurationPlatforms) = preSolution
		Debug|Any CPU = Debug|Any CPU
		Release|Any CPU = Release|Any CPU
	EndGlobalSection
	GlobalSection(ProjectConfigurationPlatforms) = postSolution
		{113643B9-731B-4405-9300-3A70B713CB93}.Debug|Any CPU.ActiveCfg = Debug|Any CPU
		{113643B9-731B-4405-9300-3A70B713CB93}.Debug|Any CPU.Build.0 = Debug|Any CPU
		{113643B9-731B-4405-9300-3A70B713CB93}.Release|Any CPU.ActiveCfg = Release|Any CPU
		{113643B9-731B-4405-9300-3A70B713CB93}.Release|Any CPU.Build.0 = Release|Any CPU
		{F6D4A809-29CB-4794-8BC1-4A47B5996EF3}.Debug|Any CPU.ActiveCfg = Debug|Any CPU
		{F6D4A809-29CB-4794-8BC1-4A47B5996EF3}.Debug|Any CPU.Build.0 = Debug|Any CPU
		{F6D4A809-29CB-4794-8BC1-4A47B5996EF3}.Release|Any CPU.ActiveCfg = Release|Any CPU
		{F6D4A809-29CB-4794-8BC1-4A47B5996EF3}.Release|Any CPU.Build.0 = Release|Any CPU
		{1779FE6D-92BD-4597-B8FA-02226DAA71BD}.Debug|Any CPU.ActiveCfg = Debug|Any CPU
		{1779FE6D-92BD-4597-B8FA-02226DAA71BD}.Debug|Any CPU.Build.0 = Debug|Any CPU
		{1779FE6D-92BD-4597-B8FA-02226DAA71BD}.Release|Any CPU.ActiveCfg = Release|Any CPU
		{1779FE6D-92BD-4597-B8FA-02226DAA71BD}.Release|Any CPU.Build.0 = Release|Any CPU
		{0B1F6ADA-F78C-4BD5-B502-65317AAF2D19}.Debug|Any CPU.ActiveCfg = Debug|Any CPU
		{0B1F6ADA-F78C-4BD5-B502-65317AAF2D19}.Debug|Any CPU.Build.0 = Debug|Any CPU
		{0B1F6ADA-F78C-4BD5-B502-65317AAF2D19}.Release|Any CPU.ActiveCfg = Release|Any CPU
		{0B1F6ADA-F78C-4BD5-B502-65317AAF2D19}.Release|Any CPU.Build.0 = Release|Any CPU
		{549A1A70-BCAD-4BC9-B102-5F51E47C377C}.Debug|Any CPU.ActiveCfg = Debug|Any CPU
		{549A1A70-BCAD-4BC9-B102-5F51E47C377C}.Debug|Any CPU.Build.0 = Debug|Any CPU
		{549A1A70-BCAD-4BC9-B102-5F51E47C377C}.Release|Any CPU.ActiveCfg = Release|Any CPU
		{549A1A70-BCAD-4BC9-B102-5F51E47C377C}.Release|Any CPU.Build.0 = Release|Any CPU
		{8324F0E9-A87B-412D-A933-D207AAE97B06}.Debug|Any CPU.ActiveCfg = Debug|Any CPU
		{8324F0E9-A87B-412D-A933-D207AAE97B06}.Debug|Any CPU.Build.0 = Debug|Any CPU
		{8324F0E9-A87B-412D-A933-D207AAE97B06}.Release|Any CPU.ActiveCfg = Release|Any CPU
		{8324F0E9-A87B-412D-A933-D207AAE97B06}.Release|Any CPU.Build.0 = Release|Any CPU
		{F7B72154-E985-405E-AAF0-F460DC3D44E3}.Debug|Any CPU.ActiveCfg = Debug|Any CPU
		{F7B72154-E985-405E-AAF0-F460DC3D44E3}.Debug|Any CPU.Build.0 = Debug|Any CPU
		{F7B72154-E985-405E-AAF0-F460DC3D44E3}.Release|Any CPU.ActiveCfg = Release|Any CPU
		{F7B72154-E985-405E-AAF0-F460DC3D44E3}.Release|Any CPU.Build.0 = Release|Any CPU
		{FE5F4D59-9296-4A1E-B9B6-4DE2DF7E8310}.Debug|Any CPU.ActiveCfg = Debug|Any CPU
		{FE5F4D59-9296-4A1E-B9B6-4DE2DF7E8310}.Debug|Any CPU.Build.0 = Debug|Any CPU
		{FE5F4D59-9296-4A1E-B9B6-4DE2DF7E8310}.Release|Any CPU.ActiveCfg = Release|Any CPU
		{FE5F4D59-9296-4A1E-B9B6-4DE2DF7E8310}.Release|Any CPU.Build.0 = Release|Any CPU
		{EC445537-15DF-40CB-B67B-8C5948E71508}.Debug|Any CPU.ActiveCfg = Debug|Any CPU
		{EC445537-15DF-40CB-B67B-8C5948E71508}.Debug|Any CPU.Build.0 = Debug|Any CPU
		{EC445537-15DF-40CB-B67B-8C5948E71508}.Release|Any CPU.ActiveCfg = Release|Any CPU
		{EC445537-15DF-40CB-B67B-8C5948E71508}.Release|Any CPU.Build.0 = Release|Any CPU
		{5CFAD030-2AD5-4C3A-AEB2-EAD8802BDD74}.Debug|Any CPU.ActiveCfg = Debug|Any CPU
		{5CFAD030-2AD5-4C3A-AEB2-EAD8802BDD74}.Debug|Any CPU.Build.0 = Debug|Any CPU
		{5CFAD030-2AD5-4C3A-AEB2-EAD8802BDD74}.Release|Any CPU.ActiveCfg = Release|Any CPU
		{5CFAD030-2AD5-4C3A-AEB2-EAD8802BDD74}.Release|Any CPU.Build.0 = Release|Any CPU
		{34CF22C4-CC04-4865-933C-678F2B9DF38E}.Debug|Any CPU.ActiveCfg = Debug|Any CPU
		{34CF22C4-CC04-4865-933C-678F2B9DF38E}.Debug|Any CPU.Build.0 = Debug|Any CPU
		{34CF22C4-CC04-4865-933C-678F2B9DF38E}.Release|Any CPU.ActiveCfg = Release|Any CPU
		{34CF22C4-CC04-4865-933C-678F2B9DF38E}.Release|Any CPU.Build.0 = Release|Any CPU
		{F2D86137-0EA2-419A-913A-453F0BF4FC6F}.Debug|Any CPU.ActiveCfg = Debug|Any CPU
		{F2D86137-0EA2-419A-913A-453F0BF4FC6F}.Debug|Any CPU.Build.0 = Debug|Any CPU
		{F2D86137-0EA2-419A-913A-453F0BF4FC6F}.Release|Any CPU.ActiveCfg = Release|Any CPU
		{F2D86137-0EA2-419A-913A-453F0BF4FC6F}.Release|Any CPU.Build.0 = Release|Any CPU
		{8F772DC8-0895-4DA5-B810-0BAD9A0768A8}.Debug|Any CPU.ActiveCfg = Debug|Any CPU
		{8F772DC8-0895-4DA5-B810-0BAD9A0768A8}.Debug|Any CPU.Build.0 = Debug|Any CPU
		{8F772DC8-0895-4DA5-B810-0BAD9A0768A8}.Release|Any CPU.ActiveCfg = Release|Any CPU
		{8F772DC8-0895-4DA5-B810-0BAD9A0768A8}.Release|Any CPU.Build.0 = Release|Any CPU
		{0C77D6FF-E50B-44EB-A19F-24FC104A824E}.Debug|Any CPU.ActiveCfg = Debug|Any CPU
		{0C77D6FF-E50B-44EB-A19F-24FC104A824E}.Debug|Any CPU.Build.0 = Debug|Any CPU
		{0C77D6FF-E50B-44EB-A19F-24FC104A824E}.Release|Any CPU.ActiveCfg = Release|Any CPU
		{0C77D6FF-E50B-44EB-A19F-24FC104A824E}.Release|Any CPU.Build.0 = Release|Any CPU
		{B1E6186E-361F-4B66-A5CB-2C34A6C0DF1A}.Debug|Any CPU.ActiveCfg = Debug|Any CPU
		{B1E6186E-361F-4B66-A5CB-2C34A6C0DF1A}.Debug|Any CPU.Build.0 = Debug|Any CPU
		{B1E6186E-361F-4B66-A5CB-2C34A6C0DF1A}.Release|Any CPU.ActiveCfg = Release|Any CPU
		{B1E6186E-361F-4B66-A5CB-2C34A6C0DF1A}.Release|Any CPU.Build.0 = Release|Any CPU
		{E01FC770-7C2C-4D3D-B819-CE1B1A949917}.Debug|Any CPU.ActiveCfg = Debug|Any CPU
		{E01FC770-7C2C-4D3D-B819-CE1B1A949917}.Debug|Any CPU.Build.0 = Debug|Any CPU
		{E01FC770-7C2C-4D3D-B819-CE1B1A949917}.Release|Any CPU.ActiveCfg = Release|Any CPU
		{E01FC770-7C2C-4D3D-B819-CE1B1A949917}.Release|Any CPU.Build.0 = Release|Any CPU
		{01107892-41C2-4722-A1EB-9223A4139EF0}.Debug|Any CPU.ActiveCfg = Debug|Any CPU
		{01107892-41C2-4722-A1EB-9223A4139EF0}.Debug|Any CPU.Build.0 = Debug|Any CPU
		{01107892-41C2-4722-A1EB-9223A4139EF0}.Release|Any CPU.ActiveCfg = Release|Any CPU
		{01107892-41C2-4722-A1EB-9223A4139EF0}.Release|Any CPU.Build.0 = Release|Any CPU
		{44A0C502-0EB2-41E9-9DAA-257A190B02C2}.Debug|Any CPU.ActiveCfg = Debug|Any CPU
		{44A0C502-0EB2-41E9-9DAA-257A190B02C2}.Debug|Any CPU.Build.0 = Debug|Any CPU
		{44A0C502-0EB2-41E9-9DAA-257A190B02C2}.Release|Any CPU.ActiveCfg = Release|Any CPU
		{44A0C502-0EB2-41E9-9DAA-257A190B02C2}.Release|Any CPU.Build.0 = Release|Any CPU
		{D8F88FC2-F4BB-4F21-9F75-DC95A85AA686}.Debug|Any CPU.ActiveCfg = Debug|Any CPU
		{D8F88FC2-F4BB-4F21-9F75-DC95A85AA686}.Debug|Any CPU.Build.0 = Debug|Any CPU
		{D8F88FC2-F4BB-4F21-9F75-DC95A85AA686}.Release|Any CPU.ActiveCfg = Release|Any CPU
		{D8F88FC2-F4BB-4F21-9F75-DC95A85AA686}.Release|Any CPU.Build.0 = Release|Any CPU
		{A3FCBE47-B8BC-4452-995D-5E16334C4E78}.Debug|Any CPU.ActiveCfg = Debug|Any CPU
		{A3FCBE47-B8BC-4452-995D-5E16334C4E78}.Debug|Any CPU.Build.0 = Debug|Any CPU
		{A3FCBE47-B8BC-4452-995D-5E16334C4E78}.Release|Any CPU.ActiveCfg = Release|Any CPU
		{A3FCBE47-B8BC-4452-995D-5E16334C4E78}.Release|Any CPU.Build.0 = Release|Any CPU
		{B13B9AE4-E894-4699-B722-56952ACDC041}.Debug|Any CPU.ActiveCfg = Debug|Any CPU
		{B13B9AE4-E894-4699-B722-56952ACDC041}.Debug|Any CPU.Build.0 = Debug|Any CPU
		{B13B9AE4-E894-4699-B722-56952ACDC041}.Release|Any CPU.ActiveCfg = Release|Any CPU
		{B13B9AE4-E894-4699-B722-56952ACDC041}.Release|Any CPU.Build.0 = Release|Any CPU
		{2E1A9CAE-477B-4943-8991-7F1A7F2AAD59}.Debug|Any CPU.ActiveCfg = Debug|Any CPU
		{2E1A9CAE-477B-4943-8991-7F1A7F2AAD59}.Debug|Any CPU.Build.0 = Debug|Any CPU
		{2E1A9CAE-477B-4943-8991-7F1A7F2AAD59}.Release|Any CPU.ActiveCfg = Release|Any CPU
		{2E1A9CAE-477B-4943-8991-7F1A7F2AAD59}.Release|Any CPU.Build.0 = Release|Any CPU
		{CC41C5A3-1E91-4A51-833E-E5DDA4398623}.Debug|Any CPU.ActiveCfg = Debug|Any CPU
		{CC41C5A3-1E91-4A51-833E-E5DDA4398623}.Debug|Any CPU.Build.0 = Debug|Any CPU
		{CC41C5A3-1E91-4A51-833E-E5DDA4398623}.Release|Any CPU.ActiveCfg = Release|Any CPU
		{CC41C5A3-1E91-4A51-833E-E5DDA4398623}.Release|Any CPU.Build.0 = Release|Any CPU
		{3A506856-68CF-432D-85F6-4D8A151E7369}.Debug|Any CPU.ActiveCfg = Debug|Any CPU
		{3A506856-68CF-432D-85F6-4D8A151E7369}.Debug|Any CPU.Build.0 = Debug|Any CPU
		{3A506856-68CF-432D-85F6-4D8A151E7369}.Release|Any CPU.ActiveCfg = Release|Any CPU
		{3A506856-68CF-432D-85F6-4D8A151E7369}.Release|Any CPU.Build.0 = Release|Any CPU
		{00B934CB-941F-48B9-AD09-D84680F17A74}.Debug|Any CPU.ActiveCfg = Debug|Any CPU
		{00B934CB-941F-48B9-AD09-D84680F17A74}.Debug|Any CPU.Build.0 = Debug|Any CPU
		{00B934CB-941F-48B9-AD09-D84680F17A74}.Release|Any CPU.ActiveCfg = Release|Any CPU
		{00B934CB-941F-48B9-AD09-D84680F17A74}.Release|Any CPU.Build.0 = Release|Any CPU
		{9496682A-0935-4C13-A3AA-29C0B0F58334}.Debug|Any CPU.ActiveCfg = Debug|Any CPU
		{9496682A-0935-4C13-A3AA-29C0B0F58334}.Debug|Any CPU.Build.0 = Debug|Any CPU
		{9496682A-0935-4C13-A3AA-29C0B0F58334}.Release|Any CPU.ActiveCfg = Release|Any CPU
		{9496682A-0935-4C13-A3AA-29C0B0F58334}.Release|Any CPU.Build.0 = Release|Any CPU
		{AE8A91F0-9DA6-4720-BDAC-C1B79119B42C}.Debug|Any CPU.ActiveCfg = Debug|Any CPU
		{AE8A91F0-9DA6-4720-BDAC-C1B79119B42C}.Debug|Any CPU.Build.0 = Debug|Any CPU
		{AE8A91F0-9DA6-4720-BDAC-C1B79119B42C}.Release|Any CPU.ActiveCfg = Release|Any CPU
		{AE8A91F0-9DA6-4720-BDAC-C1B79119B42C}.Release|Any CPU.Build.0 = Release|Any CPU
		{F4F21774-41F2-4005-8F8F-31E361C2FDDD}.Debug|Any CPU.ActiveCfg = Debug|Any CPU
		{F4F21774-41F2-4005-8F8F-31E361C2FDDD}.Debug|Any CPU.Build.0 = Debug|Any CPU
		{F4F21774-41F2-4005-8F8F-31E361C2FDDD}.Release|Any CPU.ActiveCfg = Release|Any CPU
		{F4F21774-41F2-4005-8F8F-31E361C2FDDD}.Release|Any CPU.Build.0 = Release|Any CPU
		{378A12CF-9AE9-480D-A090-A5E114F67B47}.Debug|Any CPU.ActiveCfg = Debug|Any CPU
		{378A12CF-9AE9-480D-A090-A5E114F67B47}.Debug|Any CPU.Build.0 = Debug|Any CPU
		{378A12CF-9AE9-480D-A090-A5E114F67B47}.Release|Any CPU.ActiveCfg = Release|Any CPU
		{378A12CF-9AE9-480D-A090-A5E114F67B47}.Release|Any CPU.Build.0 = Release|Any CPU
		{B14FE402-3BE8-4BDD-88A4-15CBEA720C33}.Debug|Any CPU.ActiveCfg = Debug|Any CPU
		{B14FE402-3BE8-4BDD-88A4-15CBEA720C33}.Debug|Any CPU.Build.0 = Debug|Any CPU
		{B14FE402-3BE8-4BDD-88A4-15CBEA720C33}.Release|Any CPU.ActiveCfg = Release|Any CPU
		{B14FE402-3BE8-4BDD-88A4-15CBEA720C33}.Release|Any CPU.Build.0 = Release|Any CPU
		{A07A091B-18C4-4017-9902-512D56131DB6}.Debug|Any CPU.ActiveCfg = Debug|Any CPU
		{A07A091B-18C4-4017-9902-512D56131DB6}.Debug|Any CPU.Build.0 = Debug|Any CPU
		{A07A091B-18C4-4017-9902-512D56131DB6}.Release|Any CPU.ActiveCfg = Release|Any CPU
		{A07A091B-18C4-4017-9902-512D56131DB6}.Release|Any CPU.Build.0 = Release|Any CPU
		{B5A7885F-C415-4A37-AA65-298834CD4F4E}.Debug|Any CPU.ActiveCfg = Debug|Any CPU
		{B5A7885F-C415-4A37-AA65-298834CD4F4E}.Debug|Any CPU.Build.0 = Debug|Any CPU
		{B5A7885F-C415-4A37-AA65-298834CD4F4E}.Release|Any CPU.ActiveCfg = Release|Any CPU
		{B5A7885F-C415-4A37-AA65-298834CD4F4E}.Release|Any CPU.Build.0 = Release|Any CPU
		{BBC68F6B-A6F6-4F32-9FBE-F549B0625D7A}.Debug|Any CPU.ActiveCfg = Debug|Any CPU
		{BBC68F6B-A6F6-4F32-9FBE-F549B0625D7A}.Debug|Any CPU.Build.0 = Debug|Any CPU
		{BBC68F6B-A6F6-4F32-9FBE-F549B0625D7A}.Release|Any CPU.ActiveCfg = Release|Any CPU
		{BBC68F6B-A6F6-4F32-9FBE-F549B0625D7A}.Release|Any CPU.Build.0 = Release|Any CPU
	EndGlobalSection
	GlobalSection(SolutionProperties) = preSolution
		HideSolutionNode = FALSE
	EndGlobalSection
	GlobalSection(NestedProjects) = preSolution
		{62E39B7C-4049-45BE-A945-9DE644E51F7D} = {6EE8247A-7590-46E1-B0C2-D2C8023A0027}
		{1114E892-1F96-4B66-9C53-5933C9377DFB} = {6EE8247A-7590-46E1-B0C2-D2C8023A0027}
		{D05E000D-C9DA-4BF8-9C7C-09DFDD01DDFE} = {AE9101B2-A20B-4A63-8981-C7802F767516}
		{E9BF7160-B926-47D3-882C-1FF8713CF950} = {AE9101B2-A20B-4A63-8981-C7802F767516}
		{6D0FBACF-E1D4-493B-ABFF-AAD8D4CD8ABA} = {D05E000D-C9DA-4BF8-9C7C-09DFDD01DDFE}
		{9F62B69E-B1DA-4E79-877F-67AC51E103D3} = {D05E000D-C9DA-4BF8-9C7C-09DFDD01DDFE}
		{9D590218-1760-4EAD-B5C0-0C97549119BE} = {D05E000D-C9DA-4BF8-9C7C-09DFDD01DDFE}
		{4898F58D-D12A-41CE-B66C-7F74620FB6CF} = {D05E000D-C9DA-4BF8-9C7C-09DFDD01DDFE}
		{8850EE54-DAC9-40B0-AE25-615C6A29A54D} = {D05E000D-C9DA-4BF8-9C7C-09DFDD01DDFE}
		{EA23BA73-4738-42F4-B65C-168411BF6B33} = {D05E000D-C9DA-4BF8-9C7C-09DFDD01DDFE}
		{C388BBB6-B873-4FF0-833D-3F5B0325BD73} = {D05E000D-C9DA-4BF8-9C7C-09DFDD01DDFE}
		{74A6C335-E17C-47D6-8EC3-555293430D89} = {D05E000D-C9DA-4BF8-9C7C-09DFDD01DDFE}
		{D0D72F3E-DDCE-4C04-AE36-45D4231E6A51} = {D05E000D-C9DA-4BF8-9C7C-09DFDD01DDFE}
		{7D02F951-0398-4BAD-A349-739A4A113A19} = {D05E000D-C9DA-4BF8-9C7C-09DFDD01DDFE}
		{529D2CA4-13AF-461A-9809-7C506BDA1B71} = {D05E000D-C9DA-4BF8-9C7C-09DFDD01DDFE}
		{9164BBA5-C8DB-41D1-AA21-541CDA1CD9E6} = {D05E000D-C9DA-4BF8-9C7C-09DFDD01DDFE}
		{BFC3A712-7ACD-4B73-8BCA-3DF1B203700E} = {D05E000D-C9DA-4BF8-9C7C-09DFDD01DDFE}
		{5EE3B3CE-324A-44B2-AE09-406A3A752F5E} = {D05E000D-C9DA-4BF8-9C7C-09DFDD01DDFE}
		{EA08CC3D-2700-4443-8FEA-9E792DC49DBA} = {D05E000D-C9DA-4BF8-9C7C-09DFDD01DDFE}
		{459D5DDB-D8E1-4C3F-980F-733A0F49F353} = {D05E000D-C9DA-4BF8-9C7C-09DFDD01DDFE}
		{0F5E4DC3-D39C-43E4-ACA4-E94E0445013B} = {E9BF7160-B926-47D3-882C-1FF8713CF950}
		{3D604EFF-F35A-4B44-9190-BFEA95CEDF6B} = {E9BF7160-B926-47D3-882C-1FF8713CF950}
		{DBCBB50F-BFCB-46F8-B8F9-6AE567EDE197} = {E9BF7160-B926-47D3-882C-1FF8713CF950}
		{14375E9E-52BD-4C74-9718-F9807AB79AD2} = {E9BF7160-B926-47D3-882C-1FF8713CF950}
		{0BABFDC2-82A9-405E-9C3A-DDA7A09C8E1A} = {E9BF7160-B926-47D3-882C-1FF8713CF950}
		{B78A31A1-3A73-4CDD-AEFE-CF713B3F2966} = {E9BF7160-B926-47D3-882C-1FF8713CF950}
		{4FFA5DE8-2CB2-48B3-810C-3DDAA80CF1F0} = {E9BF7160-B926-47D3-882C-1FF8713CF950}
		{113643B9-731B-4405-9300-3A70B713CB93} = {6D0FBACF-E1D4-493B-ABFF-AAD8D4CD8ABA}
		{F6D4A809-29CB-4794-8BC1-4A47B5996EF3} = {9F62B69E-B1DA-4E79-877F-67AC51E103D3}
		{1779FE6D-92BD-4597-B8FA-02226DAA71BD} = {9D590218-1760-4EAD-B5C0-0C97549119BE}
		{0B1F6ADA-F78C-4BD5-B502-65317AAF2D19} = {4898F58D-D12A-41CE-B66C-7F74620FB6CF}
		{549A1A70-BCAD-4BC9-B102-5F51E47C377C} = {8850EE54-DAC9-40B0-AE25-615C6A29A54D}
		{8324F0E9-A87B-412D-A933-D207AAE97B06} = {EA23BA73-4738-42F4-B65C-168411BF6B33}
		{F7B72154-E985-405E-AAF0-F460DC3D44E3} = {C388BBB6-B873-4FF0-833D-3F5B0325BD73}
		{FE5F4D59-9296-4A1E-B9B6-4DE2DF7E8310} = {74A6C335-E17C-47D6-8EC3-555293430D89}
		{EC445537-15DF-40CB-B67B-8C5948E71508} = {C388BBB6-B873-4FF0-833D-3F5B0325BD73}
		{5CFAD030-2AD5-4C3A-AEB2-EAD8802BDD74} = {D0D72F3E-DDCE-4C04-AE36-45D4231E6A51}
		{34CF22C4-CC04-4865-933C-678F2B9DF38E} = {7D02F951-0398-4BAD-A349-739A4A113A19}
		{F2D86137-0EA2-419A-913A-453F0BF4FC6F} = {529D2CA4-13AF-461A-9809-7C506BDA1B71}
		{8F772DC8-0895-4DA5-B810-0BAD9A0768A8} = {9164BBA5-C8DB-41D1-AA21-541CDA1CD9E6}
		{0C77D6FF-E50B-44EB-A19F-24FC104A824E} = {BFC3A712-7ACD-4B73-8BCA-3DF1B203700E}
		{B1E6186E-361F-4B66-A5CB-2C34A6C0DF1A} = {5EE3B3CE-324A-44B2-AE09-406A3A752F5E}
		{E01FC770-7C2C-4D3D-B819-CE1B1A949917} = {0F5E4DC3-D39C-43E4-ACA4-E94E0445013B}
		{01107892-41C2-4722-A1EB-9223A4139EF0} = {0F5E4DC3-D39C-43E4-ACA4-E94E0445013B}
		{44A0C502-0EB2-41E9-9DAA-257A190B02C2} = {3D604EFF-F35A-4B44-9190-BFEA95CEDF6B}
		{D8F88FC2-F4BB-4F21-9F75-DC95A85AA686} = {3D604EFF-F35A-4B44-9190-BFEA95CEDF6B}
		{A3FCBE47-B8BC-4452-995D-5E16334C4E78} = {3D604EFF-F35A-4B44-9190-BFEA95CEDF6B}
		{B13B9AE4-E894-4699-B722-56952ACDC041} = {3D604EFF-F35A-4B44-9190-BFEA95CEDF6B}
		{2E1A9CAE-477B-4943-8991-7F1A7F2AAD59} = {3D604EFF-F35A-4B44-9190-BFEA95CEDF6B}
		{CC41C5A3-1E91-4A51-833E-E5DDA4398623} = {3D604EFF-F35A-4B44-9190-BFEA95CEDF6B}
		{3A506856-68CF-432D-85F6-4D8A151E7369} = {3D604EFF-F35A-4B44-9190-BFEA95CEDF6B}
		{00B934CB-941F-48B9-AD09-D84680F17A74} = {3D604EFF-F35A-4B44-9190-BFEA95CEDF6B}
		{9496682A-0935-4C13-A3AA-29C0B0F58334} = {3D604EFF-F35A-4B44-9190-BFEA95CEDF6B}
		{AE8A91F0-9DA6-4720-BDAC-C1B79119B42C} = {3D604EFF-F35A-4B44-9190-BFEA95CEDF6B}
		{EE5C96D5-C15D-443D-B84A-69870AB439E1} = {62E39B7C-4049-45BE-A945-9DE644E51F7D}
		{10AAE1A4-6653-4CAE-8E02-C2144370980D} = {62E39B7C-4049-45BE-A945-9DE644E51F7D}
		{7FF597D0-28A7-4CEE-AFCB-256698A2B7B8} = {62E39B7C-4049-45BE-A945-9DE644E51F7D}
		{6604EA01-1449-4C60-B365-A3708B258375} = {62E39B7C-4049-45BE-A945-9DE644E51F7D}
		{F2A62C4A-54AD-4680-B51A-E1DFDB933772} = {62E39B7C-4049-45BE-A945-9DE644E51F7D}
		{0965F17E-F6B8-463A-B768-5EB54F8ECB37} = {62E39B7C-4049-45BE-A945-9DE644E51F7D}
		{4E90D082-95B4-443E-AD02-AE654E7A0A7D} = {62E39B7C-4049-45BE-A945-9DE644E51F7D}
		{8498A3D9-7488-452C-8F4B-C5C808D16D72} = {62E39B7C-4049-45BE-A945-9DE644E51F7D}
		{823A8940-25FF-4085-AD14-85298592D869} = {62E39B7C-4049-45BE-A945-9DE644E51F7D}
		{F4F21774-41F2-4005-8F8F-31E361C2FDDD} = {5EE3B3CE-324A-44B2-AE09-406A3A752F5E}
		{378A12CF-9AE9-480D-A090-A5E114F67B47} = {5EE3B3CE-324A-44B2-AE09-406A3A752F5E}
		{B14FE402-3BE8-4BDD-88A4-15CBEA720C33} = {0BABFDC2-82A9-405E-9C3A-DDA7A09C8E1A}
		{A07A091B-18C4-4017-9902-512D56131DB6} = {823A8940-25FF-4085-AD14-85298592D869}
		{B2D1BF55-2FBC-4028-A912-D6BAE09C3E2A} = {1114E892-1F96-4B66-9C53-5933C9377DFB}
		{B5A7885F-C415-4A37-AA65-298834CD4F4E} = {B2D1BF55-2FBC-4028-A912-D6BAE09C3E2A}
		{BBC68F6B-A6F6-4F32-9FBE-F549B0625D7A} = {0BABFDC2-82A9-405E-9C3A-DDA7A09C8E1A}
	EndGlobalSection
	GlobalSection(ExtensibilityGlobals) = postSolution
		SolutionGuid = {8C0BD4AB-6A7C-4974-B33B-ED7B97739C4D}
	EndGlobalSection
EndGlobal
